#MicroXplorer Configuration settings - do not modify
PB13.GPIOParameters=GPIO_Label
RCC.USART1Freq_Value=170000000
PB10.Mode=Asynchronous
NVIC.TIM6_DAC_IRQn=true\:0\:0\:false\:false\:true\:true\:true
PB14.GPIO_Label=SCALED_V+
PA14.GPIO_Label=SWCLK
PC6.GPIO_Label=P0
PA3.GPIOParameters=GPIO_Label
PA6.GPIO_Label=G4
PB6.GPIO_Label=P3
USART1.IPParameters=VirtualMode-Asynchronous
SH.S_TIM4_CH4.ConfNb=1
ADC4.OffsetNumber-0\#ChannelRegularConversion=ADC_OFFSET_NONE
PB13.Signal=GPIO_Output
VP_TIM8_VS_ClockSourceINT.Signal=TIM8_VS_ClockSourceINT
PA2.GPIOParameters=GPIO_Label
PC15-OSC32_OUT.GPIO_Label=G11
PinOutPanel.RotationAngle=0
RCC.MCO1PinFreq_Value=10625000
RCC.SYSCLKSource=RCC_SYSCLKSOURCE_PLLCLK
ADC4.IPParameters=Rank-0\#ChannelRegularConversion,Channel-0\#ChannelRegularConversion,SamplingTime-0\#ChannelRegularConversion,OffsetNumber-0\#ChannelRegularConversion,NbrOfConversionFlag
RCC.LPTIM1Freq_Value=170000000
NVIC.SVCall_IRQn=true\:0\:0\:false\:false\:true\:false\:false
SH.S_TIM3_CH2.ConfNb=1
RCC.I2C4Freq_Value=170000000
RCC.APB2TimFreq_Value=170000000
PB6.Signal=S_TIM4_CH1
PB8-BOOT0.GPIOParameters=GPIO_Label
VP_TIM2_VS_ClockSourceINT.Signal=TIM2_VS_ClockSourceINT
RCC.PREFETCH_ENABLE=1
PB13.Locked=true
RCC.USART3Freq_Value=170000000
ProjectManager.ProjectBuild=false
NVIC.UsageFault_IRQn=true\:0\:0\:false\:false\:true\:false\:false
PA0.Locked=true
PF0-OSC_IN.GPIO_Label=G6
PB2.Signal=GPIO_Output
PA8.Locked=true
PA4.Locked=true
RCC.ADC12Freq_Value=170000000
PB12.GPIO_Label=SCALED_5V
ProjectManager.FirmwarePackage=STM32Cube FW_G4 V1.4.0
MxDb.Version=DB.6.0.20
PB0.GPIOParameters=GPIO_Label
PA1.GPIOParameters=GPIO_Label
ProjectManager.BackupPrevious=false
PC4.GPIO_Label=G7
PF0-OSC_IN.Locked=true
PB14.Mode=IN4-Single-Ended
PB1.GPIO_Label=DIR2
SH.S_TIM4_CH2.0=TIM4_CH2,PWM Generation2 CH2
PA8.Signal=GPIO_Output
RCC.PLLRCLKFreq_Value=170000000
PB6.Locked=true
NVIC.PendSV_IRQn=true\:0\:0\:false\:false\:true\:false\:false
ProjectManager.HalAssertFull=true
SH.S_TIM8_CH1.ConfNb=1
ADC1.SamplingTime-0\#ChannelRegularConversion=ADC_SAMPLETIME_2CYCLES_5
PA0.Signal=GPIO_Output
Mcu.Package=UFQFPN48
PB9.Signal=S_TIM4_CH4
PB1.Signal=GPIO_Output
PA5.Locked=true
TIM6.PeriodNoDither=1700
PA14.Locked=true
VP_SYS_VS_Systick.Signal=SYS_VS_Systick
RCC.LSCOPinFreq_Value=32000
PA10.Signal=USART1_RX
PA5.GPIOParameters=GPIO_Label
NVIC.USB_LP_IRQn=true\:0\:0\:false\:false\:true\:false\:true
PB14.GPIOParameters=GPIO_Label
RCC.PLLPoutputFreq_Value=170000000
SH.S_TIM4_CH1.0=TIM4_CH1,PWM Generation1 CH1
RCC.APB1TimFreq_Value=170000000
NVIC.BusFault_IRQn=true\:0\:0\:false\:false\:true\:false\:false
RCC.LPUART1Freq_Value=170000000
PB10.GPIOParameters=GPIO_Label
PC15-OSC32_OUT.GPIOParameters=GPIO_Label
TIM4.Channel-PWM\ Generation4\ CH4=TIM_CHANNEL_4
PA4.GPIO_Label=G2
ProjectManager.CustomerFirmwarePackage=
PC4.GPIOParameters=GPIO_Label
PF1-OSC_OUT.Signal=GPIO_Input
RCC.HSI48_VALUE=48000000
RCC.HRTIM1Freq_Value=170000000
PA6.GPIOParameters=GPIO_Label
SH.S_TIM4_CH1.ConfNb=1
RCC.PLLQoutputFreq_Value=56666666.666666664
ProjectManager.ProjectFileName=ThreeBB.ioc
ADC1.Rank-0\#ChannelRegularConversion=1
PA15.GPIOParameters=GPIO_Label
Mcu.PinsNb=51
TIM3.AutoReloadPreload=TIM_AUTORELOAD_PRELOAD_ENABLE
PC11.Locked=true
ADC1.IPParameters=Rank-0\#ChannelRegularConversion,master,Channel-0\#ChannelRegularConversion,SamplingTime-0\#ChannelRegularConversion,OffsetNumber-0\#ChannelRegularConversion,NbrOfConversionFlag
PC13.Locked=true
ADC1.OffsetNumber-0\#ChannelRegularConversion=ADC_OFFSET_NONE
PC13.Signal=GPIO_Input
PA9.GPIO_Label=STP_UART_TX
PC6.Signal=S_TIM8_CH1
PB11.GPIO_Label=DBG_TX
PC14-OSC32_IN.Signal=GPIO_Input
PC11.GPIOParameters=GPIO_Label
RCC.QSPIFreq_Value=170000000
PB8-BOOT0.Locked=true
VP_TIM6_VS_ClockSourceINT.Signal=TIM6_VS_ClockSourceINT
PA3.Mode=IN4-Single-Ended
PA15.Locked=true
PA8.GPIO_Label=USR_LED
PC15-OSC32_OUT.Locked=true
PB11.Mode=Asynchronous
PG10-NRST.Signal=RCC_MCO
TIM4.IPParameters=Channel-PWM Generation1 CH1,Channel-PWM Generation2 CH2,Channel-PWM Generation4 CH4,Prescaler,AutoReloadPreload,PeriodNoDither
Mcu.Pin50=VP_USB_DEVICE_VS_USB_DEVICE_CDC_FS
PC6.Locked=true
PA9.Signal=USART1_TX
PB11.GPIOParameters=GPIO_Label
PB5.Locked=true
PB9.Locked=true
VP_TIM8_VS_ClockSourceINT.Mode=Internal
PF1-OSC_OUT.GPIOParameters=GPIO_Label
Mcu.Pin48=VP_TIM6_VS_ClockSourceINT
Mcu.Pin49=VP_TIM8_VS_ClockSourceINT
Mcu.Pin46=VP_TIM3_VS_ClockSourceINT
Mcu.Pin47=VP_TIM4_VS_ClockSourceINT
PB10.Signal=LPUART1_RX
PB14.Signal=ADC4_IN4
PA5.Signal=GPIO_Input
Mcu.Pin40=PB8-BOOT0
Mcu.Pin41=PB9
SH.S_TIM8_CH1.0=TIM8_CH1,PWM Generation1 CH1
Mcu.Pin44=VP_SYS_VS_DBSignals
PB8-BOOT0.Signal=GPIO_Input
Mcu.Pin45=VP_TIM2_VS_ClockSourceINT
Mcu.Pin42=VP_RCC_VS_USB
TIM8.AutoReloadPreload=TIM_AUTORELOAD_PRELOAD_ENABLE
Mcu.Pin43=VP_SYS_VS_Systick
ProjectManager.LastFirmware=true
RCC.ADC345Freq_Value=170000000
PB4.GPIO_Label=P1
Mcu.Pin37=PB5
Mcu.Pin38=PB6
ADC4.NbrOfConversionFlag=1
Mcu.Pin35=PB3
PB15.GPIO_Label=EN
RCC.I2C1Freq_Value=170000000
Mcu.Pin36=PB4
VP_SYS_VS_DBSignals.Signal=SYS_VS_DBSignals
Mcu.Pin39=PB7
RCC.RNGFreq_Value=48000000
Mcu.Pin30=PA13
PF1-OSC_OUT.GPIO_Label=G8
PA1.GPIO_Label=STEP2
Mcu.Pin33=PC10
TIM3.IPParameters=Channel-PWM Generation1 CH1,Channel-PWM Generation2 CH2,Prescaler,AutoReloadPreload,PeriodNoDither
Mcu.Pin34=PC11
Mcu.Pin31=PA14
Mcu.Pin32=PA15
PA9.Locked=true
NVIC.NonMaskableInt_IRQn=true\:0\:0\:false\:false\:true\:false\:false
PC10.GPIOParameters=GPIO_Label
PA13.Mode=Serial_Wire
ProjectManager.FreePins=false
Mcu.Pin26=PA9
Mcu.Pin27=PA10
Mcu.Pin24=PC6
ProjectManager.UnderRoot=true
Mcu.Pin25=PA8
Mcu.Pin28=PA11
Mcu.Pin29=PA12
PB4.Locked=true
PA4.Signal=GPIO_Input
Mcu.Pin22=PB14
PB5.Signal=S_TIM3_CH2
Mcu.Pin23=PB15
Mcu.Pin20=PB12
ADC1.master=1
PA3.Locked=true
Mcu.Pin21=PB13
PA5.GPIO_Label=G3
PA10.Locked=true
NVIC.ForceEnableDMAVector=true
PA14.GPIOParameters=GPIO_Label
NVIC.MemoryManagement_IRQn=true\:0\:0\:false\:false\:true\:false\:false
ProjectManager.CompilerOptimize=6
PA11.Signal=USB_DM
ProjectManager.HeapSize=0x200
PA0.GPIOParameters=GPIO_Label
Mcu.Pin15=PB0
NVIC.HardFault_IRQn=true\:0\:0\:false\:false\:true\:false\:false
Mcu.Pin16=PB1
Mcu.Pin13=PA7
Mcu.Pin14=PC4
Mcu.Pin19=PB11
TIM8.PeriodNoDither=65534
SH.S_TIM3_CH1.ConfNb=1
ProjectManager.ComputerToolchain=false
Mcu.Pin17=PB2
Mcu.Pin18=PB10
VP_TIM4_VS_ClockSourceINT.Mode=Internal
NVIC.PriorityGroup=NVIC_PRIORITYGROUP_4
Mcu.Pin11=PA5
TIM3.Channel-PWM\ Generation2\ CH2=TIM_CHANNEL_2
Mcu.Pin12=PA6
Mcu.Pin10=PA4
RCC.PWRFreq_Value=170000000
VP_RCC_VS_USB.Signal=RCC_VS_USB
PF0-OSC_IN.Signal=GPIO_Input
PF0-OSC_IN.GPIOParameters=GPIO_Label
RCC.I2C2Freq_Value=170000000
PB0.Signal=GPIO_Output
PA7.GPIOParameters=GPIO_Label
PB12.GPIOParameters=GPIO_Label
Mcu.Family=STM32G4
ProjectManager.MainLocation=Core/Src
SH.S_TIM4_CH2.ConfNb=1
USB_DEVICE.CLASS_NAME_FS=CDC
RCC.SAI1Freq_Value=170000000
RCC.CortexFreq_Value=170000000
ProjectManager.KeepUserCode=true
Mcu.UserName=STM32G473CCUx
PC10.Locked=true
PC10.Signal=GPIO_Input
PA0.GPIO_Label=STEP1
ProjectManager.functionlistsort=1-MX_GPIO_Init-GPIO-false-HAL-true,2-SystemClock_Config-RCC-false-HAL-false,3-MX_USB_Device_Init-USB_DEVICE-false-HAL-false,4-MX_TIM2_Init-TIM2-false-HAL-true,5-MX_TIM3_Init-TIM3-false-HAL-true,6-MX_TIM4_Init-TIM4-false-HAL-true,7-MX_USART1_UART_Init-USART1-false-HAL-true,8-MX_ADC4_Init-ADC4-false-HAL-true,9-MX_LPUART1_UART_Init-LPUART1-false-HAL-true,10-MX_ADC1_Init-ADC1-false-HAL-true,11-MX_TIM8_Init-TIM8-false-HAL-true,12-MX_TIM6_Init-TIM6-false-HAL-true
PA9.GPIOParameters=GPIO_Label
PA11.Mode=Device
PB0.GPIO_Label=DIR1
RCC.USART2Freq_Value=170000000
PC13.GPIO_Label=G9
PB13.GPIO_Label=SVO_EN
PB11.Signal=LPUART1_TX
PB15.Signal=GPIO_Output
ProjectManager.StackSize=0x400
PB5.GPIOParameters=GPIO_Label
RCC.I2C3Freq_Value=170000000
Mcu.IP4=RCC
ADC4.Channel-0\#ChannelRegularConversion=ADC_CHANNEL_3
RCC.FCLKCortexFreq_Value=170000000
Mcu.IP5=SYS
Mcu.IP2=LPUART1
Mcu.IP3=NVIC
PA15.GPIO_Label=G12
PB4.GPIOParameters=GPIO_Label
Mcu.IP0=ADC1
Mcu.IP1=ADC4
PA12.Signal=USB_DP
Mcu.UserConstants=
Mcu.ThirdPartyNb=0
RCC.HCLKFreq_Value=170000000
TIM8.Channel-PWM\ Generation1\ CH1=TIM_CHANNEL_1
Mcu.IPNb=14
ProjectManager.PreviousToolchain=
PA8.GPIOParameters=GPIO_Label
Mcu.Pin6=PA0
Mcu.Pin7=PA1
Mcu.Pin8=PA2
Mcu.Pin9=PA3
RCC.AHBFreq_Value=170000000
Mcu.Pin0=PC13
Mcu.Pin1=PC14-OSC32_IN
TIM3.Channel-PWM\ Generation1\ CH1=TIM_CHANNEL_1
TIM8.IPParameters=Channel-PWM Generation1 CH1,Prescaler,AutoReloadPreload,PeriodNoDither
GPIO.groupedBy=Group By Peripherals
Mcu.Pin2=PC15-OSC32_OUT
Mcu.Pin3=PF0-OSC_IN
Mcu.Pin4=PF1-OSC_OUT
Mcu.Pin5=PG10-NRST
ADC1.Channel-0\#ChannelRegularConversion=ADC_CHANNEL_4
RCC.HSE_VALUE=8000000
NVIC.DebugMonitor_IRQn=true\:0\:0\:false\:false\:true\:false\:false
Mcu.IP10=TIM8
NVIC.SysTick_IRQn=true\:0\:0\:false\:false\:true\:false\:true
Mcu.IP12=USB
RCC.RCC_MCO1Source=RCC_MCO1SOURCE_SYSCLK
Mcu.IP11=USART1
Mcu.IP13=USB_DEVICE
RCC.VCOInputFreq_Value=4000000
PA14.Mode=Serial_Wire
ADC4.Rank-0\#ChannelRegularConversion=1
TIM3.Prescaler=51
PC11.GPIO_Label=G1
File.Version=6
PA10.GPIO_Label=STP_UART_RX
VP_SYS_VS_DBSignals.Mode=DisableDeadBatterySignals
PB3.GPIOParameters=GPIO_Label
PB7.Signal=S_TIM4_CH2
SH.S_TIM3_CH1.0=TIM3_CH1,PWM Generation1 CH1
PB6.GPIOParameters=GPIO_Label
PB0.Locked=true
PC14-OSC32_IN.GPIOParameters=GPIO_Label
RCC.CRSFreq_Value=48000000
ProjectManager.ProjectName=ThreeBB
PA13.GPIOParameters=GPIO_Label
PB7.GPIO_Label=P4
PA6.Signal=GPIO_Input
PB12.Mode=IN3-Single-Ended
PA7.Locked=true
VP_RCC_VS_USB.Mode=USB_FS
ProjectManager.ToolChainLocation=
PA2.GPIO_Label=STEP3
RCC.LSI_VALUE=32000
PA15.Signal=GPIO_Input
VP_USB_DEVICE_VS_USB_DEVICE_CDC_FS.Signal=USB_DEVICE_VS_USB_DEVICE_CDC_FS
PB8-BOOT0.GPIO_Label=BOOT0
TIM3.PeriodNoDither=65534
TIM8.Prescaler=51
PB5.GPIO_Label=P2
PC4.Locked=true
PC14-OSC32_IN.GPIO_Label=G10
RCC.CK48CLockSelection=RCC_USBCLKSOURCE_HSI48
VP_TIM3_VS_ClockSourceINT.Mode=Internal
PC14-OSC32_IN.Locked=true
PB4.Signal=S_TIM3_CH1
PB3.Locked=true
PB15.Locked=true
PA3.Signal=ADC1_IN4
PA2.Locked=true
PB3.GPIO_Label=SWO
TIM4.Channel-PWM\ Generation1\ CH1=TIM_CHANNEL_1
RCC.I2SFreq_Value=170000000
TIM4.AutoReloadPreload=TIM_AUTORELOAD_PRELOAD_ENABLE
PB9.GPIO_Label=P5
PC10.GPIO_Label=G0
PA10.Mode=Asynchronous
ProjectManager.NoMain=false
USB_DEVICE.VirtualModeFS=Cdc_FS
SH.S_TIM4_CH4.0=TIM4_CH4,PWM Generation4 CH4
PC11.Signal=GPIO_Input
TIM4.PeriodNoDither=65534
PC4.Signal=GPIO_Input
VP_TIM6_VS_ClockSourceINT.Mode=Enable_Timer
RCC.EXTERNAL_CLOCK_VALUE=12288000
ProjectManager.DefaultFWLocation=true
ProjectManager.DeletePrevious=true
USB_DEVICE.IPParameters=VirtualMode,VirtualModeFS,CLASS_NAME_FS
RCC.FamilyName=M
PB9.GPIOParameters=GPIO_Label
USART1.VirtualMode-Asynchronous=VM_ASYNC
PA13.Signal=SYS_JTMS-SWDIO
PA9.Mode=Asynchronous
TIM6.IPParameters=PeriodNoDither
PG10-NRST.Locked=true
VP_TIM4_VS_ClockSourceINT.Signal=TIM4_VS_ClockSourceINT
ProjectManager.TargetToolchain=STM32CubeIDE
PB10.GPIO_Label=DBG_RX
PB7.GPIOParameters=GPIO_Label
VP_USB_DEVICE_VS_USB_DEVICE_CDC_FS.Mode=CDC_FS
PB2.GPIOParameters=GPIO_Label
ProjectManager.RegisterCallBack=
RCC.USBFreq_Value=48000000
VP_TIM3_VS_ClockSourceINT.Signal=TIM3_VS_ClockSourceINT
TIM4.Prescaler=51
RCC.LSE_VALUE=32768
PC15-OSC32_OUT.Signal=GPIO_Input
PA1.Signal=GPIO_Output
PB1.Locked=true
SH.S_TIM3_CH2.0=TIM3_CH2,PWM Generation2 CH2
board=custom
RCC.VCOOutputFreq_Value=340000000
TIM4.Channel-PWM\ Generation2\ CH2=TIM_CHANNEL_2
RCC.APB2Freq_Value=170000000
RCC.UART4Freq_Value=170000000
MxCube.Version=6.2.0
VP_TIM2_VS_ClockSourceINT.Mode=Internal
PC13.GPIOParameters=GPIO_Label
RCC.FDCANFreq_Value=170000000
PA10.GPIOParameters=GPIO_Label
VP_SYS_VS_Systick.Mode=SysTick
PA4.GPIOParameters=GPIO_Label
RCC.UART5Freq_Value=170000000
PB15.GPIOParameters=GPIO_Label
RCC.IPParameters=ADC12Freq_Value,ADC345Freq_Value,AHBFreq_Value,APB1Freq_Value,APB1TimFreq_Value,APB2Freq_Value,APB2TimFreq_Value,CK48CLockSelection,CRSFreq_Value,CortexFreq_Value,EXTERNAL_CLOCK_VALUE,FCLKCortexFreq_Value,FDCANFreq_Value,FamilyName,HCLKFreq_Value,HRTIM1Freq_Value,HSE_VALUE,HSI48_VALUE,HSI_VALUE,I2C1Freq_Value,I2C2Freq_Value,I2C3Freq_Value,I2C4Freq_Value,I2SFreq_Value,LPTIM1Freq_Value,LPUART1Freq_Value,LSCOPinFreq_Value,LSE_VALUE,LSI_VALUE,MCO1PinFreq_Value,PLLM,PLLN,PLLPoutputFreq_Value,PLLQ,PLLQoutputFreq_Value,PLLRCLKFreq_Value,PREFETCH_ENABLE,PWRFreq_Value,QSPIFreq_Value,RCC_MCO1Source,RCC_MCODiv,RNGFreq_Value,SAI1Freq_Value,SYSCLKFreq_VALUE,SYSCLKSource,UART4Freq_Value,UART5Freq_Value,USART1Freq_Value,USART2Freq_Value,USART3Freq_Value,USBFreq_Value,VCOInputFreq_Value,VCOOutputFreq_Value
ProjectManager.AskForMigrate=true
Mcu.Name=STM32G473C(B-C-E)Ux
ADC4.SamplingTime-0\#ChannelRegularConversion=ADC_SAMPLETIME_2CYCLES_5
PA2.Signal=GPIO_Output
PA13.GPIO_Label=SWDIO
RCC.RCC_MCODiv=RCC_MCODIV_16
PB2.Locked=true
Mcu.IP8=TIM4
Mcu.IP9=TIM6
Mcu.IP6=TIM2
Mcu.IP7=TIM3
ProjectManager.CoupleFile=true
PB3.Signal=SYS_JTDO-SWO
RCC.SYSCLKFreq_VALUE=170000000
PA1.Locked=true
PA7.GPIO_Label=G5
PA12.Mode=Device
KeepUserPlacement=false
PA13.Locked=true
PA14.Signal=SYS_JTCK-SWCLK
PB2.GPIO_Label=DIR3
PC6.GPIOParameters=GPIO_Label
RCC.HSI_VALUE=16000000
RCC.PLLQ=RCC_PLLQ_DIV6
ADC1.NbrOfConversionFlag=1
RCC.PLLM=RCC_PLLM_DIV4
RCC.PLLN=85
PB7.Locked=true
RCC.APB1Freq_Value=170000000
USB_DEVICE.VirtualMode=Cdc
ProjectManager.DeviceId=STM32G473CCUx
PB12.Signal=ADC4_IN3
ProjectManager.LibraryCopy=1
PA3.GPIO_Label=CUR_SNS
PB1.GPIOParameters=GPIO_Label
PA7.Signal=GPIO_Input
PA6.Locked=true
isbadioc=false
